
Microsoft Visual Studio Solution File, Format Version 12.00
# Visual Studio Version 16
VisualStudioVersion = 16.0.30611.23
MinimumVisualStudioVersion = 10.0.40219.1
Project("{FAE04EC0-301F-11D3-BF4B-00C04F79EFBC}") = "name-sorter", "name-sorter\name-sorter.csproj", "{B4419D6D-8E3E-472B-B0D5-AC46D3A4BF1C}"
EndProject
Project("{2150E333-8FDC-42A3-9474-1A3956D46DE8}") = "Solution Items", "Solution Items", "{F1FFB0A7-302C-4663-A2B0-DA215F1B235B}"
EndProject
Project("{FAE04EC0-301F-11D3-BF4B-00C04F79EFBC}") = "name-sorterTests", "name-sorterTests\name-sorterTests.csproj", "{16ABA47A-FA7A-4E8B-A5E3-7BA76E04722D}"
EndProject
Global
	GlobalSection(SolutionConfigurationPlatforms) = preSolution
		Debug|Any CPU = Debug|Any CPU
		Release|Any CPU = Release|Any CPU
	EndGlobalSection
	GlobalSection(ProjectConfigurationPlatforms) = postSolution
		{B4419D6D-8E3E-472B-B0D5-AC46D3A4BF1C}.Debug|Any CPU.ActiveCfg = Debug|Any CPU
		{B4419D6D-8E3E-472B-B0D5-AC46D3A4BF1C}.Debug|Any CPU.Build.0 = Debug|Any CPU
		{B4419D6D-8E3E-472B-B0D5-AC46D3A4BF1C}.Release|Any CPU.ActiveCfg = Release|Any CPU
		{B4419D6D-8E3E-472B-B0D5-AC46D3A4BF1C}.Release|Any CPU.Build.0 = Release|Any CPU
		{16ABA47A-FA7A-4E8B-A5E3-7BA76E04722D}.Debug|Any CPU.ActiveCfg = Debug|Any CPU
		{16ABA47A-FA7A-4E8B-A5E3-7BA76E04722D}.Debug|Any CPU.Build.0 = Debug|Any CPU
		{16ABA47A-FA7A-4E8B-A5E3-7BA76E04722D}.Release|Any CPU.ActiveCfg = Release|Any CPU
		{16ABA47A-FA7A-4E8B-A5E3-7BA76E04722D}.Release|Any CPU.Build.0 = Release|Any CPU
	EndGlobalSection
	GlobalSection(SolutionProperties) = preSolution
		HideSolutionNode = FALSE
	EndGlobalSection
	GlobalSection(ExtensibilityGlobals) = postSolution
		SolutionGuid = {2A2313C6-DF3E-417B-887B-BD244CBB817C}
	EndGlobalSection
EndGlobal
